
Microsoft Visual Studio Solution File, Format Version 12.00
# Visual Studio Version 16
VisualStudioVersion = 16.0.30804.86
MinimumVisualStudioVersion = 10.0.40219.1
Project("{FAE04EC0-301F-11D3-BF4B-00C04F79EFBC}") = "SchoolStudents", "SchoolStudents\SchoolStudents.csproj", "{073D7105-8688-4095-AB45-1EBF24E739FE}"
EndProject
Global
	GlobalSection(SolutionConfigurationPlatforms) = preSolution
		Debug|Any CPU = Debug|Any CPU
		Release|Any CPU = Release|Any CPU
	EndGlobalSection
	GlobalSection(ProjectConfigurationPlatforms) = postSolution
		{073D7105-8688-4095-AB45-1EBF24E739FE}.Debug|Any CPU.ActiveCfg = Debug|Any CPU
		{073D7105-8688-4095-AB45-1EBF24E739FE}.Debug|Any CPU.Build.0 = Debug|Any CPU
		{073D7105-8688-4095-AB45-1EBF24E739FE}.Release|Any CPU.ActiveCfg = Release|Any CPU
		{073D7105-8688-4095-AB45-1EBF24E739FE}.Release|Any CPU.Build.0 = Release|Any CPU
	EndGlobalSection
	GlobalSection(SolutionProperties) = preSolution
		HideSolutionNode = FALSE
	EndGlobalSection
	GlobalSection(ExtensibilityGlobals) = postSolution
		SolutionGuid = {9790F0D9-07FC-44A5-92E8-49FD5F7E83B3}
	EndGlobalSection
EndGlobal
